// !$*UTF8*$!
{
	archiveVersion = 1;
	classes = {
	};
	objectVersion = 45;
	objects = {

/* Begin PBXBuildFile section */
		D38A242314E4C3FE00F6AFFE /* Foundation.framework in Frameworks */ = {isa = PBXBuildFile; fileRef = D39279810821FFA400376676 /* Foundation.framework */; };
		D38A242414E4C3FE00F6AFFE /* AppKit.framework in Frameworks */ = {isa = PBXBuildFile; fileRef = D39279850821FFA400376676 /* AppKit.framework */; };
		D38A244B14E4C3FE00F6AFFE /* Foundation.framework in Frameworks */ = {isa = PBXBuildFile; fileRef = D39279810821FFA400376676 /* Foundation.framework */; };
		D38A244C14E4C3FE00F6AFFE /* AppKit.framework in Frameworks */ = {isa = PBXBuildFile; fileRef = D39279850821FFA400376676 /* AppKit.framework */; };
		D38A245C14E4C3FE00F6AFFE /* cat2rtf in CopyFiles */ = {isa = PBXBuildFile; fileRef = D38A243814E4C3FE00F6AFFE /* cat2rtf */; settings = {ATTRIBUTES = (CodeSignOnCopy, ); }; };
		D38A245D14E4C3FE00F6AFFE /* cat2html in CopyFiles */ = {isa = PBXBuildFile; fileRef = D38A244414E4C3FE00F6AFFE /* cat2html */; settings = {ATTRIBUTES = (CodeSignOnCopy, ); }; };
		D4109DD120340EC20096F5AD /* Application.m in Sources */ = {isa = PBXBuildFile; fileRef = D4109DCF20340EC10096F5AD /* Application.m */; };
		D4109DD220340EC20096F5AD /* Application.m in Sources */ = {isa = PBXBuildFile; fileRef = D4109DCF20340EC10096F5AD /* Application.m */; };
		D4109DD520340FAF0096F5AD /* ApplicationTests.m in Sources */ = {isa = PBXBuildFile; fileRef = D4109DD320340ED30096F5AD /* ApplicationTests.m */; };
		D4109DD82034C4FF0096F5AD /* LaunchServices.m in Sources */ = {isa = PBXBuildFile; fileRef = D4109DD72034C4FF0096F5AD /* LaunchServices.m */; };
		D4109DD92034C4FF0096F5AD /* LaunchServices.m in Sources */ = {isa = PBXBuildFile; fileRef = D4109DD72034C4FF0096F5AD /* LaunchServices.m */; };
		D4109DDB2034F1B60096F5AD /* LaunchServicesTests.m in Sources */ = {isa = PBXBuildFile; fileRef = D4109DDA2034F1B60096F5AD /* LaunchServicesTests.m */; };
		D4109DDE203500380096F5AD /* LaunchServicesFake.m in Sources */ = {isa = PBXBuildFile; fileRef = D4109DDD203500380096F5AD /* LaunchServicesFake.m */; };
		D4109DDF203532410096F5AD /* ManOpenURLComponents.m in Sources */ = {isa = PBXBuildFile; fileRef = D484D5A22026ECEC0093B313 /* ManOpenURLComponents.m */; };
		D4109DE0203532420096F5AD /* ManOpenURLComponents.m in Sources */ = {isa = PBXBuildFile; fileRef = D484D5A22026ECEC0093B313 /* ManOpenURLComponents.m */; };
		D4109DE12035324B0096F5AD /* NSDictionary+ManOpen.m in Sources */ = {isa = PBXBuildFile; fileRef = D4D1246B1FF20C8E00314FBD /* NSDictionary+ManOpen.m */; };
		D4109DE22035324B0096F5AD /* NSDictionary+ManOpen.m in Sources */ = {isa = PBXBuildFile; fileRef = D4D1246B1FF20C8E00314FBD /* NSDictionary+ManOpen.m */; };
		D4109DE3203532640096F5AD /* ManPage.m in Sources */ = {isa = PBXBuildFile; fileRef = D44FE8B320143CDA00F532A4 /* ManPage.m */; };
		D4109DE4203532650096F5AD /* ManPage.m in Sources */ = {isa = PBXBuildFile; fileRef = D44FE8B320143CDA00F532A4 /* ManPage.m */; };
		D4109E5020362D1F0096F5AD /* CoreServices.framework in Frameworks */ = {isa = PBXBuildFile; fileRef = D4109E4F20362D1F0096F5AD /* CoreServices.framework */; };
		D4109E5220362D540096F5AD /* Cocoa.framework in Frameworks */ = {isa = PBXBuildFile; fileRef = D4109E5120362D540096F5AD /* Cocoa.framework */; };
		D420E6822032301600178C47 /* ManOpenURLHandlerCommandTests.m in Sources */ = {isa = PBXBuildFile; fileRef = D47212441FB58582005FA157 /* ManOpenURLHandlerCommandTests.m */; };
		D420E68B203384A400178C47 /* Version.m in Sources */ = {isa = PBXBuildFile; fileRef = D420E68A203384A400178C47 /* Version.m */; };
		D420E6B020338AD100178C47 /* VersionTests.m in Sources */ = {isa = PBXBuildFile; fileRef = D420E6AF20338AD100178C47 /* VersionTests.m */; };
		D420E6B120338AD900178C47 /* Version.m in Sources */ = {isa = PBXBuildFile; fileRef = D420E68A203384A400178C47 /* Version.m */; };
		D44FE8AA200C74A600F532A4 /* FileURLComponents.m in Sources */ = {isa = PBXBuildFile; fileRef = D44FE8A9200C74A600F532A4 /* FileURLComponents.m */; };
		D44FE8AC200C77BE00F532A4 /* FileURLComponentsTests.m in Sources */ = {isa = PBXBuildFile; fileRef = D44FE8AB200C77BE00F532A4 /* FileURLComponentsTests.m */; };
		D44FE8B420143CDA00F532A4 /* ManPage.m in Sources */ = {isa = PBXBuildFile; fileRef = D44FE8B320143CDA00F532A4 /* ManPage.m */; };
		D44FE8B620143FAF00F532A4 /* ManPageTests.m in Sources */ = {isa = PBXBuildFile; fileRef = D44FE8B520143FAF00F532A4 /* ManPageTests.m */; };
		D45E00651FC24510006B1797 /* README.md in Resources */ = {isa = PBXBuildFile; fileRef = D45E00641FC24510006B1797 /* README.md */; };
		D45E00681FC29F05006B1797 /* LICENSE in Resources */ = {isa = PBXBuildFile; fileRef = D45E00671FC29F05006B1797 /* LICENSE */; };
		D45E006A1FC66294006B1797 /* TODO.md in Resources */ = {isa = PBXBuildFile; fileRef = D45E00691FC66294006B1797 /* TODO.md */; };
		D45E00701FC78EF9006B1797 /* Documentation in Resources */ = {isa = PBXBuildFile; fileRef = D45E006F1FC78EF9006B1797 /* Documentation */; };
		D46C8FF91F9C1136008EB62F /* openman.m in Sources */ = {isa = PBXBuildFile; fileRef = D46C8FF81F9C1136008EB62F /* openman.m */; };
		D46C8FFA1F9C114B008EB62F /* openman.1 in CopyFiles */ = {isa = PBXBuildFile; fileRef = D46C8FF71F9C1136008EB62F /* openman.1 */; };
		D46C8FFE1F9C1277008EB62F /* cat2html.l in Sources */ = {isa = PBXBuildFile; fileRef = D46C8FFC1F9C1266008EB62F /* cat2html.l */; };
		D46C90011F9C1319008EB62F /* cat2rtf.l in Sources */ = {isa = PBXBuildFile; fileRef = D46C90001F9C1319008EB62F /* cat2rtf.l */; };
		D47212481FB7DCD8005FA157 /* MockManDocumentController.m in Sources */ = {isa = PBXBuildFile; fileRef = D47212471FB7DCD8005FA157 /* MockManDocumentController.m */; };
		D484D59A2025E09A0093B313 /* XManPageURLComponents.m in Sources */ = {isa = PBXBuildFile; fileRef = D484D5992025E09A0093B313 /* XManPageURLComponents.m */; };
		D484D59C2025E3EB0093B313 /* XManPageURLComponentsTests.m in Sources */ = {isa = PBXBuildFile; fileRef = D484D59B2025E3EB0093B313 /* XManPageURLComponentsTests.m */; };
		D484D5A02026C61D0093B313 /* .travis.yml in Resources */ = {isa = PBXBuildFile; fileRef = D484D59F2026C61D0093B313 /* .travis.yml */; };
		D484D5A32026ECEC0093B313 /* ManOpenURLComponents.m in Sources */ = {isa = PBXBuildFile; fileRef = D484D5A22026ECEC0093B313 /* ManOpenURLComponents.m */; };
		D484D5A52026F0A50093B313 /* ManOpenURLComponentsTests.m in Sources */ = {isa = PBXBuildFile; fileRef = D484D5A42026F0A50093B313 /* ManOpenURLComponentsTests.m */; };
		D4891E5F1FAD7DE40035E3A5 /* ManOpenURLHandlerCommand.m in Sources */ = {isa = PBXBuildFile; fileRef = D4891E5E1FAD7DE40035E3A5 /* ManOpenURLHandlerCommand.m */; };
		D48A1252202FB8CE00EC13E5 /* NSUserDefaults+ManOpen.m in Sources */ = {isa = PBXBuildFile; fileRef = D48A1251202FB8CE00EC13E5 /* NSUserDefaults+ManOpen.m */; };
		D48A1254202FBA5100EC13E5 /* NSUserDefaults+ManOpenPreferencesTests.m in Sources */ = {isa = PBXBuildFile; fileRef = D48A1253202FBA5100EC13E5 /* NSUserDefaults+ManOpenPreferencesTests.m */; };
		D48A12562030007900EC13E5 /* ManDocumentControllerTests.m in Sources */ = {isa = PBXBuildFile; fileRef = D48A12552030007900EC13E5 /* ManDocumentControllerTests.m */; };
		D48A125920300CA300EC13E5 /* NSString+ManOpen.m in Sources */ = {isa = PBXBuildFile; fileRef = D48A125820300CA300EC13E5 /* NSString+ManOpen.m */; };
		D48A125B20300CC300EC13E5 /* NSString+ManOpenTests.m in Sources */ = {isa = PBXBuildFile; fileRef = D48A125A20300CC300EC13E5 /* NSString+ManOpenTests.m */; };
		D49FB8DC1F9C1EDC00ECE338 /* AproposDocument.m in Sources */ = {isa = PBXBuildFile; fileRef = D49FB8BB1F9C1EDC00ECE338 /* AproposDocument.m */; };
		D49FB8DD1F9C1EDC00ECE338 /* Apropos.xib in Resources */ = {isa = PBXBuildFile; fileRef = D49FB8BC1F9C1EDC00ECE338 /* Apropos.xib */; };
		D49FB8DE1F9C1EDC00ECE338 /* Credits.rtf in Resources */ = {isa = PBXBuildFile; fileRef = D49FB8BE1F9C1EDC00ECE338 /* Credits.rtf */; };
		D49FB8DF1F9C1EDC00ECE338 /* DocController.xib in Resources */ = {isa = PBXBuildFile; fileRef = D49FB8C01F9C1EDC00ECE338 /* DocController.xib */; };
		D49FB8E01F9C1EDC00ECE338 /* InfoPlist.strings in Resources */ = {isa = PBXBuildFile; fileRef = D49FB8C21F9C1EDC00ECE338 /* InfoPlist.strings */; };
		D49FB8E11F9C1EDC00ECE338 /* ManOpen.xib in Resources */ = {isa = PBXBuildFile; fileRef = D49FB8C41F9C1EDC00ECE338 /* ManOpen.xib */; };
		D49FB8E21F9C1EDC00ECE338 /* ManPage.xib in Resources */ = {isa = PBXBuildFile; fileRef = D49FB8C61F9C1EDC00ECE338 /* ManPage.xib */; };
		D49FB8E31F9C1EDC00ECE338 /* PrefPanel.xib in Resources */ = {isa = PBXBuildFile; fileRef = D49FB8C81F9C1EDC00ECE338 /* PrefPanel.xib */; };
		D49FB8E41F9C1EDC00ECE338 /* helpQMark.tiff in Resources */ = {isa = PBXBuildFile; fileRef = D49FB8CA1F9C1EDC00ECE338 /* helpQMark.tiff */; };
		D49FB8E61F9C1EDC00ECE338 /* LinkCursor.tiff in Resources */ = {isa = PBXBuildFile; fileRef = D49FB8CC1F9C1EDC00ECE338 /* LinkCursor.tiff */; };
		D49FB8E71F9C1EDC00ECE338 /* ManDocument.m in Sources */ = {isa = PBXBuildFile; fileRef = D49FB8CE1F9C1EDC00ECE338 /* ManDocument.m */; };
		D49FB8E81F9C1EDC00ECE338 /* ManDocumentController.m in Sources */ = {isa = PBXBuildFile; fileRef = D49FB8D01F9C1EDC00ECE338 /* ManDocumentController.m */; };
		D49FB8E91F9C1EDC00ECE338 /* ManOpen.icns in Resources */ = {isa = PBXBuildFile; fileRef = D49FB8D11F9C1EDC00ECE338 /* ManOpen.icns */; };
		D49FB8EA1F9C1EDC00ECE338 /* ManOpen.scriptSuite in Resources */ = {isa = PBXBuildFile; fileRef = D49FB8D21F9C1EDC00ECE338 /* ManOpen.scriptSuite */; };
		D49FB8EB1F9C1EDC00ECE338 /* ManOpen.scriptTerminology in Resources */ = {isa = PBXBuildFile; fileRef = D49FB8D31F9C1EDC00ECE338 /* ManOpen.scriptTerminology */; };
		D49FB8EC1F9C1EDC00ECE338 /* ManOpen.tiff in Resources */ = {isa = PBXBuildFile; fileRef = D49FB8D41F9C1EDC00ECE338 /* ManOpen.tiff */; };
		D49FB8ED1F9C1EDC00ECE338 /* ManOpen_main.m in Sources */ = {isa = PBXBuildFile; fileRef = D49FB8D51F9C1EDC00ECE338 /* ManOpen_main.m */; };
		D49FB8EE1F9C1EDC00ECE338 /* NSData+Utils.m in Sources */ = {isa = PBXBuildFile; fileRef = D49FB8D81F9C1EDC00ECE338 /* NSData+Utils.m */; };
		D49FB8EF1F9C1EDC00ECE338 /* PrefPanelController.m in Sources */ = {isa = PBXBuildFile; fileRef = D49FB8DA1F9C1EDC00ECE338 /* PrefPanelController.m */; };
		D4D124671FF0702F00314FBD /* NSURL+ManOpen.m in Sources */ = {isa = PBXBuildFile; fileRef = D4D124661FF0702F00314FBD /* NSURL+ManOpen.m */; };
		D4D124691FF0704F00314FBD /* NSURL+ManOpenTests.m in Sources */ = {isa = PBXBuildFile; fileRef = D4D124681FF0704F00314FBD /* NSURL+ManOpenTests.m */; };
		D4D1246C1FF20C8E00314FBD /* NSDictionary+ManOpen.m in Sources */ = {isa = PBXBuildFile; fileRef = D4D1246B1FF20C8E00314FBD /* NSDictionary+ManOpen.m */; };
		D4D1246E1FF20CD700314FBD /* NSDictionary+ManOpenTests.m in Sources */ = {isa = PBXBuildFile; fileRef = D4D1246D1FF20CD700314FBD /* NSDictionary+ManOpenTests.m */; };
/* End PBXBuildFile section */

/* Begin PBXContainerItemProxy section */
		D38A245714E4C3FE00F6AFFE /* PBXContainerItemProxy */ = {
			isa = PBXContainerItemProxy;
			containerPortal = D39279890821FFA400376676 /* Project object */;
			proxyType = 1;
			remoteGlobalIDString = D38A242F14E4C3FE00F6AFFE;
			remoteInfo = "cat2rtf (Tool) (Upgraded)";
		};
		D38A245914E4C3FE00F6AFFE /* PBXContainerItemProxy */ = {
			isa = PBXContainerItemProxy;
			containerPortal = D39279890821FFA400376676 /* Project object */;
			proxyType = 1;
			remoteGlobalIDString = D38A243A14E4C3FE00F6AFFE;
			remoteInfo = "cat2html (Tool) (Upgraded)";
		};
		D45E00621FB82370006B1797 /* PBXContainerItemProxy */ = {
			isa = PBXContainerItemProxy;
			containerPortal = D39279890821FFA400376676 /* Project object */;
			proxyType = 1;
			remoteGlobalIDString = D38A244614E4C3FE00F6AFFE;
			remoteInfo = "openman (Tool)";
		};
		D472123F1FB58542005FA157 /* PBXContainerItemProxy */ = {
			isa = PBXContainerItemProxy;
			containerPortal = D39279890821FFA400376676 /* Project object */;
			proxyType = 1;
			remoteGlobalIDString = D38A23FD14E4C3FE00F6AFFE;
			remoteInfo = "ManOpen (Application)";
		};
/* End PBXContainerItemProxy section */

/* Begin PBXCopyFilesBuildPhase section */
		D38A242614E4C3FE00F6AFFE /* CopyFiles */ = {
			isa = PBXCopyFilesBuildPhase;
			buildActionMask = 2147483647;
			dstPath = "";
			dstSubfolderSpec = 7;
			files = (
				D38A245C14E4C3FE00F6AFFE /* cat2rtf in CopyFiles */,
				D38A245D14E4C3FE00F6AFFE /* cat2html in CopyFiles */,
			);
			runOnlyForDeploymentPostprocessing = 0;
		};
		D3EA5C4314EDC3C100AB000A /* CopyFiles */ = {
			isa = PBXCopyFilesBuildPhase;
			buildActionMask = 8;
			dstPath = "/$(INSTALL_PATH)";
			dstSubfolderSpec = 0;
			files = (
				D46C8FFA1F9C114B008EB62F /* openman.1 in CopyFiles */,
			);
			runOnlyForDeploymentPostprocessing = 1;
		};
/* End PBXCopyFilesBuildPhase section */

/* Begin PBXFileReference section */
		D38A242D14E4C3FE00F6AFFE /* ManOpen.app */ = {isa = PBXFileReference; explicitFileType = wrapper.application; includeInIndex = 0; path = ManOpen.app; sourceTree = BUILT_PRODUCTS_DIR; };
		D38A243814E4C3FE00F6AFFE /* cat2rtf */ = {isa = PBXFileReference; explicitFileType = "compiled.mach-o.executable"; includeInIndex = 0; path = cat2rtf; sourceTree = BUILT_PRODUCTS_DIR; };
		D38A244414E4C3FE00F6AFFE /* cat2html */ = {isa = PBXFileReference; explicitFileType = "compiled.mach-o.executable"; includeInIndex = 0; path = cat2html; sourceTree = BUILT_PRODUCTS_DIR; };
		D38A245114E4C3FE00F6AFFE /* openman */ = {isa = PBXFileReference; explicitFileType = "compiled.mach-o.executable"; includeInIndex = 0; path = openman; sourceTree = BUILT_PRODUCTS_DIR; };
		D39279810821FFA400376676 /* Foundation.framework */ = {isa = PBXFileReference; lastKnownFileType = wrapper.framework; name = Foundation.framework; path = /System/Library/Frameworks/Foundation.framework; sourceTree = "<absolute>"; };
		D39279850821FFA400376676 /* AppKit.framework */ = {isa = PBXFileReference; lastKnownFileType = wrapper.framework; name = AppKit.framework; path = /System/Library/Frameworks/AppKit.framework; sourceTree = "<absolute>"; };
		D4109DCE20340D980096F5AD /* openManTests-Info.plist */ = {isa = PBXFileReference; lastKnownFileType = text.plist.xml; path = "openManTests-Info.plist"; sourceTree = "<group>"; };
		D4109DCF20340EC10096F5AD /* Application.m */ = {isa = PBXFileReference; fileEncoding = 4; lastKnownFileType = sourcecode.c.objc; path = Application.m; sourceTree = "<group>"; };
		D4109DD020340EC10096F5AD /* Application.h */ = {isa = PBXFileReference; fileEncoding = 4; lastKnownFileType = sourcecode.c.h; path = Application.h; sourceTree = "<group>"; };
		D4109DD320340ED30096F5AD /* ApplicationTests.m */ = {isa = PBXFileReference; lastKnownFileType = sourcecode.c.objc; path = ApplicationTests.m; sourceTree = "<group>"; };
		D4109DD62034C4870096F5AD /* LaunchServices.h */ = {isa = PBXFileReference; lastKnownFileType = sourcecode.c.h; path = LaunchServices.h; sourceTree = "<group>"; };
		D4109DD72034C4FF0096F5AD /* LaunchServices.m */ = {isa = PBXFileReference; lastKnownFileType = sourcecode.c.objc; path = LaunchServices.m; sourceTree = "<group>"; };
		D4109DDA2034F1B60096F5AD /* LaunchServicesTests.m */ = {isa = PBXFileReference; lastKnownFileType = sourcecode.c.objc; path = LaunchServicesTests.m; sourceTree = "<group>"; };
		D4109DDC203500380096F5AD /* LaunchServicesFake.h */ = {isa = PBXFileReference; lastKnownFileType = sourcecode.c.h; path = LaunchServicesFake.h; sourceTree = "<group>"; };
		D4109DDD203500380096F5AD /* LaunchServicesFake.m */ = {isa = PBXFileReference; lastKnownFileType = sourcecode.c.objc; path = LaunchServicesFake.m; sourceTree = "<group>"; };
		D4109E4F20362D1F0096F5AD /* CoreServices.framework */ = {isa = PBXFileReference; lastKnownFileType = wrapper.framework; name = CoreServices.framework; path = System/Library/Frameworks/CoreServices.framework; sourceTree = SDKROOT; };
		D4109E5120362D540096F5AD /* Cocoa.framework */ = {isa = PBXFileReference; lastKnownFileType = wrapper.framework; name = Cocoa.framework; path = System/Library/Frameworks/Cocoa.framework; sourceTree = SDKROOT; };
		D420E689203384A400178C47 /* Version.h */ = {isa = PBXFileReference; lastKnownFileType = sourcecode.c.h; path = Version.h; sourceTree = "<group>"; };
		D420E68A203384A400178C47 /* Version.m */ = {isa = PBXFileReference; lastKnownFileType = sourcecode.c.objc; path = Version.m; sourceTree = "<group>"; };
		D420E6A720338A6D00178C47 /* openmanTests.xctest */ = {isa = PBXFileReference; explicitFileType = wrapper.cfbundle; includeInIndex = 0; path = openmanTests.xctest; sourceTree = BUILT_PRODUCTS_DIR; };
		D420E6AF20338AD100178C47 /* VersionTests.m */ = {isa = PBXFileReference; lastKnownFileType = sourcecode.c.objc; path = VersionTests.m; sourceTree = "<group>"; };
		D44FE8A8200C74A600F532A4 /* FileURLComponents.h */ = {isa = PBXFileReference; lastKnownFileType = sourcecode.c.h; path = FileURLComponents.h; sourceTree = "<group>"; };
		D44FE8A9200C74A600F532A4 /* FileURLComponents.m */ = {isa = PBXFileReference; lastKnownFileType = sourcecode.c.objc; path = FileURLComponents.m; sourceTree = "<group>"; };
		D44FE8AB200C77BE00F532A4 /* FileURLComponentsTests.m */ = {isa = PBXFileReference; lastKnownFileType = sourcecode.c.objc; path = FileURLComponentsTests.m; sourceTree = "<group>"; };
		D44FE8B220143CDA00F532A4 /* ManPage.h */ = {isa = PBXFileReference; lastKnownFileType = sourcecode.c.h; path = ManPage.h; sourceTree = "<group>"; };
		D44FE8B320143CDA00F532A4 /* ManPage.m */ = {isa = PBXFileReference; lastKnownFileType = sourcecode.c.objc; path = ManPage.m; sourceTree = "<group>"; };
		D44FE8B520143FAF00F532A4 /* ManPageTests.m */ = {isa = PBXFileReference; lastKnownFileType = sourcecode.c.objc; path = ManPageTests.m; sourceTree = "<group>"; };
		D45E00641FC24510006B1797 /* README.md */ = {isa = PBXFileReference; fileEncoding = 4; lastKnownFileType = net.daringfireball.markdown; path = README.md; sourceTree = "<group>"; };
		D45E00661FC24531006B1797 /* scripts */ = {isa = PBXFileReference; lastKnownFileType = folder; path = scripts; sourceTree = "<group>"; };
		D45E00671FC29F05006B1797 /* LICENSE */ = {isa = PBXFileReference; lastKnownFileType = text; path = LICENSE; sourceTree = "<group>"; };
		D45E00691FC66294006B1797 /* TODO.md */ = {isa = PBXFileReference; lastKnownFileType = net.daringfireball.markdown; path = TODO.md; sourceTree = "<group>"; };
		D45E006F1FC78EF9006B1797 /* Documentation */ = {isa = PBXFileReference; lastKnownFileType = folder; path = Documentation; sourceTree = "<group>"; };
		D46C8FF71F9C1136008EB62F /* openman.1 */ = {isa = PBXFileReference; fileEncoding = 4; lastKnownFileType = text.man; path = openman.1; sourceTree = "<group>"; };
		D46C8FF81F9C1136008EB62F /* openman.m */ = {isa = PBXFileReference; fileEncoding = 4; lastKnownFileType = sourcecode.c.objc; path = openman.m; sourceTree = "<group>"; };
		D46C8FFC1F9C1266008EB62F /* cat2html.l */ = {isa = PBXFileReference; fileEncoding = 4; lastKnownFileType = sourcecode.lex; path = cat2html.l; sourceTree = "<group>"; };
		D46C90001F9C1319008EB62F /* cat2rtf.l */ = {isa = PBXFileReference; fileEncoding = 4; lastKnownFileType = sourcecode.lex; path = cat2rtf.l; sourceTree = "<group>"; };
		D472123A1FB58542005FA157 /* ManOpenTests.xctest */ = {isa = PBXFileReference; explicitFileType = wrapper.cfbundle; includeInIndex = 0; path = ManOpenTests.xctest; sourceTree = BUILT_PRODUCTS_DIR; };
		D472123E1FB58542005FA157 /* Info.plist */ = {isa = PBXFileReference; lastKnownFileType = text.plist.xml; path = Info.plist; sourceTree = "<group>"; };
		D47212441FB58582005FA157 /* ManOpenURLHandlerCommandTests.m */ = {isa = PBXFileReference; lastKnownFileType = sourcecode.c.objc; path = ManOpenURLHandlerCommandTests.m; sourceTree = "<group>"; };
		D47212461FB7DCD8005FA157 /* MockManDocumentController.h */ = {isa = PBXFileReference; lastKnownFileType = sourcecode.c.h; path = MockManDocumentController.h; sourceTree = "<group>"; };
		D47212471FB7DCD8005FA157 /* MockManDocumentController.m */ = {isa = PBXFileReference; lastKnownFileType = sourcecode.c.objc; path = MockManDocumentController.m; sourceTree = "<group>"; };
		D484D5982025E09A0093B313 /* XManPageURLComponents.h */ = {isa = PBXFileReference; lastKnownFileType = sourcecode.c.h; path = XManPageURLComponents.h; sourceTree = "<group>"; };
		D484D5992025E09A0093B313 /* XManPageURLComponents.m */ = {isa = PBXFileReference; lastKnownFileType = sourcecode.c.objc; path = XManPageURLComponents.m; sourceTree = "<group>"; };
		D484D59B2025E3EB0093B313 /* XManPageURLComponentsTests.m */ = {isa = PBXFileReference; lastKnownFileType = sourcecode.c.objc; path = XManPageURLComponentsTests.m; sourceTree = "<group>"; };
		D484D59F2026C61D0093B313 /* .travis.yml */ = {isa = PBXFileReference; fileEncoding = 4; lastKnownFileType = text; path = .travis.yml; sourceTree = "<group>"; };
		D484D5A12026ECEC0093B313 /* ManOpenURLComponents.h */ = {isa = PBXFileReference; lastKnownFileType = sourcecode.c.h; path = ManOpenURLComponents.h; sourceTree = "<group>"; };
		D484D5A22026ECEC0093B313 /* ManOpenURLComponents.m */ = {isa = PBXFileReference; lastKnownFileType = sourcecode.c.objc; path = ManOpenURLComponents.m; sourceTree = "<group>"; };
		D484D5A42026F0A50093B313 /* ManOpenURLComponentsTests.m */ = {isa = PBXFileReference; lastKnownFileType = sourcecode.c.objc; path = ManOpenURLComponentsTests.m; sourceTree = "<group>"; };
		D4891E5D1FAD7DE40035E3A5 /* ManOpenURLHandlerCommand.h */ = {isa = PBXFileReference; lastKnownFileType = sourcecode.c.h; path = ManOpenURLHandlerCommand.h; sourceTree = "<group>"; };
		D4891E5E1FAD7DE40035E3A5 /* ManOpenURLHandlerCommand.m */ = {isa = PBXFileReference; lastKnownFileType = sourcecode.c.objc; path = ManOpenURLHandlerCommand.m; sourceTree = "<group>"; };
		D48A1250202FB8CE00EC13E5 /* NSUserDefaults+ManOpen.h */ = {isa = PBXFileReference; lastKnownFileType = sourcecode.c.h; path = "NSUserDefaults+ManOpen.h"; sourceTree = "<group>"; };
		D48A1251202FB8CE00EC13E5 /* NSUserDefaults+ManOpen.m */ = {isa = PBXFileReference; lastKnownFileType = sourcecode.c.objc; path = "NSUserDefaults+ManOpen.m"; sourceTree = "<group>"; };
		D48A1253202FBA5100EC13E5 /* NSUserDefaults+ManOpenPreferencesTests.m */ = {isa = PBXFileReference; lastKnownFileType = sourcecode.c.objc; path = "NSUserDefaults+ManOpenPreferencesTests.m"; sourceTree = "<group>"; };
		D48A12552030007900EC13E5 /* ManDocumentControllerTests.m */ = {isa = PBXFileReference; lastKnownFileType = sourcecode.c.objc; path = ManDocumentControllerTests.m; sourceTree = "<group>"; };
		D48A125720300CA300EC13E5 /* NSString+ManOpen.h */ = {isa = PBXFileReference; lastKnownFileType = sourcecode.c.h; path = "NSString+ManOpen.h"; sourceTree = "<group>"; };
		D48A125820300CA300EC13E5 /* NSString+ManOpen.m */ = {isa = PBXFileReference; lastKnownFileType = sourcecode.c.objc; path = "NSString+ManOpen.m"; sourceTree = "<group>"; };
		D48A125A20300CC300EC13E5 /* NSString+ManOpenTests.m */ = {isa = PBXFileReference; lastKnownFileType = sourcecode.c.objc; path = "NSString+ManOpenTests.m"; sourceTree = "<group>"; };
		D49FB8BA1F9C1EDC00ECE338 /* AproposDocument.h */ = {isa = PBXFileReference; fileEncoding = 4; lastKnownFileType = sourcecode.c.h; path = AproposDocument.h; sourceTree = "<group>"; };
		D49FB8BB1F9C1EDC00ECE338 /* AproposDocument.m */ = {isa = PBXFileReference; fileEncoding = 4; lastKnownFileType = sourcecode.c.objc; path = AproposDocument.m; sourceTree = "<group>"; };
		D49FB8BD1F9C1EDC00ECE338 /* English */ = {isa = PBXFileReference; lastKnownFileType = file.xib; name = English; path = English.lproj/Apropos.xib; sourceTree = "<group>"; };
		D49FB8BF1F9C1EDC00ECE338 /* English */ = {isa = PBXFileReference; lastKnownFileType = text.rtf; name = English; path = English.lproj/Credits.rtf; sourceTree = "<group>"; };
		D49FB8C11F9C1EDC00ECE338 /* English */ = {isa = PBXFileReference; lastKnownFileType = file.xib; name = English; path = English.lproj/DocController.xib; sourceTree = "<group>"; };
		D49FB8C31F9C1EDC00ECE338 /* English */ = {isa = PBXFileReference; lastKnownFileType = text.plist.strings; name = English; path = English.lproj/InfoPlist.strings; sourceTree = "<group>"; };
		D49FB8C51F9C1EDC00ECE338 /* English */ = {isa = PBXFileReference; lastKnownFileType = file.xib; name = English; path = English.lproj/ManOpen.xib; sourceTree = "<group>"; };
		D49FB8C71F9C1EDC00ECE338 /* English */ = {isa = PBXFileReference; lastKnownFileType = file.xib; name = English; path = English.lproj/ManPage.xib; sourceTree = "<group>"; };
		D49FB8C91F9C1EDC00ECE338 /* English */ = {isa = PBXFileReference; lastKnownFileType = file.xib; name = English; path = English.lproj/PrefPanel.xib; sourceTree = "<group>"; };
		D49FB8CA1F9C1EDC00ECE338 /* helpQMark.tiff */ = {isa = PBXFileReference; lastKnownFileType = image.tiff; path = helpQMark.tiff; sourceTree = "<group>"; };
		D49FB8CB1F9C1EDC00ECE338 /* Info-ManOpen.plist */ = {isa = PBXFileReference; fileEncoding = 4; lastKnownFileType = text.plist.xml; path = "Info-ManOpen.plist"; sourceTree = "<group>"; };
		D49FB8CC1F9C1EDC00ECE338 /* LinkCursor.tiff */ = {isa = PBXFileReference; lastKnownFileType = image.tiff; path = LinkCursor.tiff; sourceTree = "<group>"; };
		D49FB8CD1F9C1EDC00ECE338 /* ManDocument.h */ = {isa = PBXFileReference; fileEncoding = 4; lastKnownFileType = sourcecode.c.h; path = ManDocument.h; sourceTree = "<group>"; };
		D49FB8CE1F9C1EDC00ECE338 /* ManDocument.m */ = {isa = PBXFileReference; fileEncoding = 4; lastKnownFileType = sourcecode.c.objc; path = ManDocument.m; sourceTree = "<group>"; };
		D49FB8CF1F9C1EDC00ECE338 /* ManDocumentController.h */ = {isa = PBXFileReference; fileEncoding = 4; lastKnownFileType = sourcecode.c.h; path = ManDocumentController.h; sourceTree = "<group>"; };
		D49FB8D01F9C1EDC00ECE338 /* ManDocumentController.m */ = {isa = PBXFileReference; fileEncoding = 4; lastKnownFileType = sourcecode.c.objc; path = ManDocumentController.m; sourceTree = "<group>"; };
		D49FB8D11F9C1EDC00ECE338 /* ManOpen.icns */ = {isa = PBXFileReference; lastKnownFileType = image.icns; path = ManOpen.icns; sourceTree = "<group>"; };
		D49FB8D21F9C1EDC00ECE338 /* ManOpen.scriptSuite */ = {isa = PBXFileReference; lastKnownFileType = text.plist.scriptSuite; path = ManOpen.scriptSuite; sourceTree = "<group>"; };
		D49FB8D31F9C1EDC00ECE338 /* ManOpen.scriptTerminology */ = {isa = PBXFileReference; lastKnownFileType = text.plist.scriptTerminology; path = ManOpen.scriptTerminology; sourceTree = "<group>"; };
		D49FB8D41F9C1EDC00ECE338 /* ManOpen.tiff */ = {isa = PBXFileReference; lastKnownFileType = image.tiff; path = ManOpen.tiff; sourceTree = "<group>"; };
		D49FB8D51F9C1EDC00ECE338 /* ManOpen_main.m */ = {isa = PBXFileReference; fileEncoding = 4; lastKnownFileType = sourcecode.c.objc; path = ManOpen_main.m; sourceTree = "<group>"; };
		D49FB8D71F9C1EDC00ECE338 /* NSData+Utils.h */ = {isa = PBXFileReference; fileEncoding = 4; lastKnownFileType = sourcecode.c.h; path = "NSData+Utils.h"; sourceTree = "<group>"; };
		D49FB8D81F9C1EDC00ECE338 /* NSData+Utils.m */ = {isa = PBXFileReference; fileEncoding = 4; lastKnownFileType = sourcecode.c.objc; path = "NSData+Utils.m"; sourceTree = "<group>"; };
		D49FB8D91F9C1EDC00ECE338 /* PrefPanelController.h */ = {isa = PBXFileReference; fileEncoding = 4; lastKnownFileType = sourcecode.c.h; path = PrefPanelController.h; sourceTree = "<group>"; };
		D49FB8DA1F9C1EDC00ECE338 /* PrefPanelController.m */ = {isa = PBXFileReference; fileEncoding = 4; lastKnownFileType = sourcecode.c.objc; path = PrefPanelController.m; sourceTree = "<group>"; };
		D49FB8DB1F9C1EDC00ECE338 /* SystemType.h */ = {isa = PBXFileReference; fileEncoding = 4; lastKnownFileType = sourcecode.c.h; path = SystemType.h; sourceTree = "<group>"; };
		D4D124651FF0702F00314FBD /* NSURL+ManOpen.h */ = {isa = PBXFileReference; lastKnownFileType = sourcecode.c.h; path = "NSURL+ManOpen.h"; sourceTree = "<group>"; };
		D4D124661FF0702F00314FBD /* NSURL+ManOpen.m */ = {isa = PBXFileReference; lastKnownFileType = sourcecode.c.objc; path = "NSURL+ManOpen.m"; sourceTree = "<group>"; };
		D4D124681FF0704F00314FBD /* NSURL+ManOpenTests.m */ = {isa = PBXFileReference; lastKnownFileType = sourcecode.c.objc; path = "NSURL+ManOpenTests.m"; sourceTree = "<group>"; };
		D4D1246A1FF20C8E00314FBD /* NSDictionary+ManOpen.h */ = {isa = PBXFileReference; lastKnownFileType = sourcecode.c.h; path = "NSDictionary+ManOpen.h"; sourceTree = "<group>"; };
		D4D1246B1FF20C8E00314FBD /* NSDictionary+ManOpen.m */ = {isa = PBXFileReference; lastKnownFileType = sourcecode.c.objc; path = "NSDictionary+ManOpen.m"; sourceTree = "<group>"; };
		D4D1246D1FF20CD700314FBD /* NSDictionary+ManOpenTests.m */ = {isa = PBXFileReference; lastKnownFileType = sourcecode.c.objc; path = "NSDictionary+ManOpenTests.m"; sourceTree = "<group>"; };
/* End PBXFileReference section */

/* Begin PBXFrameworksBuildPhase section */
		D38A242214E4C3FE00F6AFFE /* Frameworks */ = {
			isa = PBXFrameworksBuildPhase;
			buildActionMask = 2147483647;
			files = (
				D38A242314E4C3FE00F6AFFE /* Foundation.framework in Frameworks */,
				D38A242414E4C3FE00F6AFFE /* AppKit.framework in Frameworks */,
			);
			runOnlyForDeploymentPostprocessing = 0;
		};
		D38A243314E4C3FE00F6AFFE /* Frameworks */ = {
			isa = PBXFrameworksBuildPhase;
			buildActionMask = 2147483647;
			files = (
			);
			runOnlyForDeploymentPostprocessing = 0;
		};
		D38A243E14E4C3FE00F6AFFE /* Frameworks */ = {
			isa = PBXFrameworksBuildPhase;
			buildActionMask = 2147483647;
			files = (
			);
			runOnlyForDeploymentPostprocessing = 0;
		};
		D38A244A14E4C3FE00F6AFFE /* Frameworks */ = {
			isa = PBXFrameworksBuildPhase;
			buildActionMask = 2147483647;
			files = (
				D38A244B14E4C3FE00F6AFFE /* Foundation.framework in Frameworks */,
				D38A244C14E4C3FE00F6AFFE /* AppKit.framework in Frameworks */,
			);
			runOnlyForDeploymentPostprocessing = 0;
		};
		D420E6A420338A6D00178C47 /* Frameworks */ = {
			isa = PBXFrameworksBuildPhase;
			buildActionMask = 2147483647;
			files = (
				D4109E5020362D1F0096F5AD /* CoreServices.framework in Frameworks */,
			);
			runOnlyForDeploymentPostprocessing = 0;
		};
		D47212371FB58542005FA157 /* Frameworks */ = {
			isa = PBXFrameworksBuildPhase;
			buildActionMask = 2147483647;
			files = (
				D4109E5220362D540096F5AD /* Cocoa.framework in Frameworks */,
			);
			runOnlyForDeploymentPostprocessing = 0;
		};
/* End PBXFrameworksBuildPhase section */

/* Begin PBXGroup section */
		D39278DB0821FF9D00376676 /* ManOpen */ = {
			isa = PBXGroup;
			children = (
				D484D59F2026C61D0093B313 /* .travis.yml */,
				D45E00671FC29F05006B1797 /* LICENSE */,
				D45E00641FC24510006B1797 /* README.md */,
				D45E00691FC66294006B1797 /* TODO.md */,
				D45E006F1FC78EF9006B1797 /* Documentation */,
				D49FB8B91F9C1EDC00ECE338 /* ManOpen */,
				D472123B1FB58542005FA157 /* ManOpenTests */,
				D46C8FFB1F9C1266008EB62F /* cat2html */,
				D46C8FFF1F9C1319008EB62F /* cat2rtf */,
				D46C8FF61F9C1136008EB62F /* openman */,
				D45E00661FC24531006B1797 /* scripts */,
				D39279800821FFA400376676 /* External Frameworks and Libraries */,
				D39278ED0821FFA400376676 /* Products */,
				D4109E4E20362D1F0096F5AD /* Frameworks */,
			);
			name = ManOpen;
			sourceTree = "<group>";
		};
		D39278ED0821FFA400376676 /* Products */ = {
			isa = PBXGroup;
			children = (
				D38A242D14E4C3FE00F6AFFE /* ManOpen.app */,
				D38A243814E4C3FE00F6AFFE /* cat2rtf */,
				D38A244414E4C3FE00F6AFFE /* cat2html */,
				D38A245114E4C3FE00F6AFFE /* openman */,
				D472123A1FB58542005FA157 /* ManOpenTests.xctest */,
				D420E6A720338A6D00178C47 /* openmanTests.xctest */,
			);
			name = Products;
			sourceTree = "<group>";
		};
		D39279800821FFA400376676 /* External Frameworks and Libraries */ = {
			isa = PBXGroup;
			children = (
				D39279810821FFA400376676 /* Foundation.framework */,
				D39279850821FFA400376676 /* AppKit.framework */,
			);
			name = "External Frameworks and Libraries";
			sourceTree = "<group>";
		};
		D4109E4E20362D1F0096F5AD /* Frameworks */ = {
			isa = PBXGroup;
			children = (
				D4109E5120362D540096F5AD /* Cocoa.framework */,
				D4109E4F20362D1F0096F5AD /* CoreServices.framework */,
			);
			name = Frameworks;
			sourceTree = "<group>";
		};
		D46C8FF61F9C1136008EB62F /* openman */ = {
			isa = PBXGroup;
			children = (
				D4109DD020340EC10096F5AD /* Application.h */,
				D4109DCF20340EC10096F5AD /* Application.m */,
				D4109DD320340ED30096F5AD /* ApplicationTests.m */,
				D4109DD62034C4870096F5AD /* LaunchServices.h */,
				D4109DD72034C4FF0096F5AD /* LaunchServices.m */,
				D4109DDC203500380096F5AD /* LaunchServicesFake.h */,
				D4109DDD203500380096F5AD /* LaunchServicesFake.m */,
				D4109DDA2034F1B60096F5AD /* LaunchServicesTests.m */,
				D46C8FF71F9C1136008EB62F /* openman.1 */,
				D46C8FF81F9C1136008EB62F /* openman.m */,
				D4109DCE20340D980096F5AD /* openManTests-Info.plist */,
				D420E689203384A400178C47 /* Version.h */,
				D420E68A203384A400178C47 /* Version.m */,
				D420E6AF20338AD100178C47 /* VersionTests.m */,
			);
			path = openman;
			sourceTree = "<group>";
		};
		D46C8FFB1F9C1266008EB62F /* cat2html */ = {
			isa = PBXGroup;
			children = (
				D46C8FFC1F9C1266008EB62F /* cat2html.l */,
			);
			path = cat2html;
			sourceTree = "<group>";
		};
		D46C8FFF1F9C1319008EB62F /* cat2rtf */ = {
			isa = PBXGroup;
			children = (
				D46C90001F9C1319008EB62F /* cat2rtf.l */,
			);
			path = cat2rtf;
			sourceTree = "<group>";
		};
		D472123B1FB58542005FA157 /* ManOpenTests */ = {
			isa = PBXGroup;
			children = (
				D472123E1FB58542005FA157 /* Info.plist */,
				D44FE8AB200C77BE00F532A4 /* FileURLComponentsTests.m */,
				D48A12552030007900EC13E5 /* ManDocumentControllerTests.m */,
				D484D5A42026F0A50093B313 /* ManOpenURLComponentsTests.m */,
				D47212441FB58582005FA157 /* ManOpenURLHandlerCommandTests.m */,
				D44FE8B520143FAF00F532A4 /* ManPageTests.m */,
				D47212461FB7DCD8005FA157 /* MockManDocumentController.h */,
				D47212471FB7DCD8005FA157 /* MockManDocumentController.m */,
				D4D1246D1FF20CD700314FBD /* NSDictionary+ManOpenTests.m */,
				D48A125A20300CC300EC13E5 /* NSString+ManOpenTests.m */,
				D4D124681FF0704F00314FBD /* NSURL+ManOpenTests.m */,
				D48A1253202FBA5100EC13E5 /* NSUserDefaults+ManOpenPreferencesTests.m */,
				D484D59B2025E3EB0093B313 /* XManPageURLComponentsTests.m */,
			);
			path = ManOpenTests;
			sourceTree = "<group>";
		};
		D49FB8B91F9C1EDC00ECE338 /* ManOpen */ = {
			isa = PBXGroup;
			children = (
				D49FB8F11F9C204900ECE338 /* Resources */,
				D49FB8BC1F9C1EDC00ECE338 /* Apropos.xib */,
				D49FB8BA1F9C1EDC00ECE338 /* AproposDocument.h */,
				D49FB8BB1F9C1EDC00ECE338 /* AproposDocument.m */,
				D49FB8C01F9C1EDC00ECE338 /* DocController.xib */,
				D44FE8A8200C74A600F532A4 /* FileURLComponents.h */,
				D44FE8A9200C74A600F532A4 /* FileURLComponents.m */,
				D49FB8CB1F9C1EDC00ECE338 /* Info-ManOpen.plist */,
				D49FB8CD1F9C1EDC00ECE338 /* ManDocument.h */,
				D49FB8CE1F9C1EDC00ECE338 /* ManDocument.m */,
				D49FB8CF1F9C1EDC00ECE338 /* ManDocumentController.h */,
				D49FB8D01F9C1EDC00ECE338 /* ManDocumentController.m */,
				D49FB8C41F9C1EDC00ECE338 /* ManOpen.xib */,
				D49FB8D51F9C1EDC00ECE338 /* ManOpen_main.m */,
				D484D5A12026ECEC0093B313 /* ManOpenURLComponents.h */,
				D484D5A22026ECEC0093B313 /* ManOpenURLComponents.m */,
				D4891E5D1FAD7DE40035E3A5 /* ManOpenURLHandlerCommand.h */,
				D4891E5E1FAD7DE40035E3A5 /* ManOpenURLHandlerCommand.m */,
				D44FE8B220143CDA00F532A4 /* ManPage.h */,
				D44FE8B320143CDA00F532A4 /* ManPage.m */,
				D49FB8C61F9C1EDC00ECE338 /* ManPage.xib */,
				D49FB8D71F9C1EDC00ECE338 /* NSData+Utils.h */,
				D49FB8D81F9C1EDC00ECE338 /* NSData+Utils.m */,
				D4D1246A1FF20C8E00314FBD /* NSDictionary+ManOpen.h */,
				D4D1246B1FF20C8E00314FBD /* NSDictionary+ManOpen.m */,
				D48A125720300CA300EC13E5 /* NSString+ManOpen.h */,
				D48A125820300CA300EC13E5 /* NSString+ManOpen.m */,
				D4D124651FF0702F00314FBD /* NSURL+ManOpen.h */,
				D4D124661FF0702F00314FBD /* NSURL+ManOpen.m */,
				D48A1250202FB8CE00EC13E5 /* NSUserDefaults+ManOpen.h */,
				D48A1251202FB8CE00EC13E5 /* NSUserDefaults+ManOpen.m */,
				D49FB8C81F9C1EDC00ECE338 /* PrefPanel.xib */,
				D49FB8D91F9C1EDC00ECE338 /* PrefPanelController.h */,
				D49FB8DA1F9C1EDC00ECE338 /* PrefPanelController.m */,
				D49FB8DB1F9C1EDC00ECE338 /* SystemType.h */,
				D484D5982025E09A0093B313 /* XManPageURLComponents.h */,
				D484D5992025E09A0093B313 /* XManPageURLComponents.m */,
			);
			path = ManOpen;
			sourceTree = "<group>";
		};
		D49FB8F11F9C204900ECE338 /* Resources */ = {
			isa = PBXGroup;
			children = (
				D49FB8BE1F9C1EDC00ECE338 /* Credits.rtf */,
				D49FB8C21F9C1EDC00ECE338 /* InfoPlist.strings */,
				D49FB8CA1F9C1EDC00ECE338 /* helpQMark.tiff */,
				D49FB8CC1F9C1EDC00ECE338 /* LinkCursor.tiff */,
				D49FB8D11F9C1EDC00ECE338 /* ManOpen.icns */,
				D49FB8D21F9C1EDC00ECE338 /* ManOpen.scriptSuite */,
				D49FB8D31F9C1EDC00ECE338 /* ManOpen.scriptTerminology */,
				D49FB8D41F9C1EDC00ECE338 /* ManOpen.tiff */,
			);
			name = Resources;
			sourceTree = "<group>";
		};
/* End PBXGroup section */

/* Begin PBXNativeTarget section */
		D38A23FD14E4C3FE00F6AFFE /* ManOpen */ = {
			isa = PBXNativeTarget;
			buildConfigurationList = D38A242914E4C3FE00F6AFFE /* Build configuration list for PBXNativeTarget "ManOpen" */;
			buildPhases = (
				D38A240B14E4C3FE00F6AFFE /* Resources */,
				D38A241A14E4C3FE00F6AFFE /* Sources */,
				D38A242214E4C3FE00F6AFFE /* Frameworks */,
				D38A242614E4C3FE00F6AFFE /* CopyFiles */,
			);
			buildRules = (
			);
			dependencies = (
				D38A245814E4C3FE00F6AFFE /* PBXTargetDependency */,
				D38A245A14E4C3FE00F6AFFE /* PBXTargetDependency */,
				D45E00631FB82370006B1797 /* PBXTargetDependency */,
			);
			name = ManOpen;
			productInstallPath = "$(HOME)/Apps";
			productName = "ManOpen (Application)";
			productReference = D38A242D14E4C3FE00F6AFFE /* ManOpen.app */;
			productType = "com.apple.product-type.application";
		};
		D38A242F14E4C3FE00F6AFFE /* cat2rtf */ = {
			isa = PBXNativeTarget;
			buildConfigurationList = D38A243514E4C3FE00F6AFFE /* Build configuration list for PBXNativeTarget "cat2rtf" */;
			buildPhases = (
				D38A243114E4C3FE00F6AFFE /* Sources */,
				D38A243314E4C3FE00F6AFFE /* Frameworks */,
			);
			buildRules = (
			);
			dependencies = (
			);
			name = cat2rtf;
			productName = "cat2rtf (Tool)";
			productReference = D38A243814E4C3FE00F6AFFE /* cat2rtf */;
			productType = "com.apple.product-type.tool";
		};
		D38A243A14E4C3FE00F6AFFE /* cat2html */ = {
			isa = PBXNativeTarget;
			buildConfigurationList = D38A244114E4C3FE00F6AFFE /* Build configuration list for PBXNativeTarget "cat2html" */;
			buildPhases = (
				D38A243C14E4C3FE00F6AFFE /* Sources */,
				D38A243E14E4C3FE00F6AFFE /* Frameworks */,
			);
			buildRules = (
			);
			dependencies = (
			);
			name = cat2html;
			productName = "cat2html (Tool)";
			productReference = D38A244414E4C3FE00F6AFFE /* cat2html */;
			productType = "com.apple.product-type.tool";
		};
		D38A244614E4C3FE00F6AFFE /* openman */ = {
			isa = PBXNativeTarget;
			buildConfigurationList = D38A244E14E4C3FE00F6AFFE /* Build configuration list for PBXNativeTarget "openman" */;
			buildPhases = (
				D38A244814E4C3FE00F6AFFE /* Sources */,
				D38A244A14E4C3FE00F6AFFE /* Frameworks */,
				D3EA5C4314EDC3C100AB000A /* CopyFiles */,
			);
			buildRules = (
			);
			dependencies = (
			);
			name = openman;
			productInstallPath = /usr/local/bin;
			productName = "openman (Tool)";
			productReference = D38A245114E4C3FE00F6AFFE /* openman */;
			productType = "com.apple.product-type.tool";
		};
		D420E6A620338A6D00178C47 /* openmanTests */ = {
			isa = PBXNativeTarget;
			buildConfigurationList = D420E6AE20338A6D00178C47 /* Build configuration list for PBXNativeTarget "openmanTests" */;
			buildPhases = (
				D420E6A320338A6D00178C47 /* Sources */,
				D420E6A420338A6D00178C47 /* Frameworks */,
				D420E6A520338A6D00178C47 /* Resources */,
			);
			buildRules = (
			);
			dependencies = (
			);
			name = openmanTests;
			productName = openmanTests;
			productReference = D420E6A720338A6D00178C47 /* openmanTests.xctest */;
			productType = "com.apple.product-type.bundle.unit-test";
		};
		D47212391FB58542005FA157 /* ManOpenTests */ = {
			isa = PBXNativeTarget;
			buildConfigurationList = D47212431FB58542005FA157 /* Build configuration list for PBXNativeTarget "ManOpenTests" */;
			buildPhases = (
				D47212361FB58542005FA157 /* Sources */,
				D47212371FB58542005FA157 /* Frameworks */,
				D47212381FB58542005FA157 /* Resources */,
			);
			buildRules = (
			);
			dependencies = (
				D47212401FB58542005FA157 /* PBXTargetDependency */,
			);
			name = ManOpenTests;
			productName = ManOpenTests;
			productReference = D472123A1FB58542005FA157 /* ManOpenTests.xctest */;
			productType = "com.apple.product-type.bundle.unit-test";
		};
/* End PBXNativeTarget section */

/* Begin PBXProject section */
		D39279890821FFA400376676 /* Project object */ = {
			isa = PBXProject;
			attributes = {
				LastUpgradeCheck = 0910;
				TargetAttributes = {
					D420E6A620338A6D00178C47 = {
						CreatedOnToolsVersion = 9.2;
					};
					D47212391FB58542005FA157 = {
						CreatedOnToolsVersion = 9.1;
						TestTargetID = D38A23FD14E4C3FE00F6AFFE;
					};
				};
			};
			buildConfigurationList = D38A23BC14E38E1E00F6AFFE /* Build configuration list for PBXProject "ManOpen" */;
			compatibilityVersion = "Xcode 3.0";
			developmentRegion = en;
			hasScannedForEncodings = 1;
			knownPlatforms = (
				macos,
				macosclassic,
				windows,
				solaris,
				hpux,
				macintosh,
			);
			knownRegions = (
				en,
				English,
			);
			mainGroup = D39278DB0821FF9D00376676 /* ManOpen */;
			productRefGroup = D39278ED0821FFA400376676 /* Products */;
			projectDirPath = "";
			projectRoot = "";
			targets = (
				D38A23FD14E4C3FE00F6AFFE /* ManOpen */,
				D47212391FB58542005FA157 /* ManOpenTests */,
				D38A242F14E4C3FE00F6AFFE /* cat2rtf */,
				D38A243A14E4C3FE00F6AFFE /* cat2html */,
				D38A244614E4C3FE00F6AFFE /* openman */,
				D420E6A620338A6D00178C47 /* openmanTests */,
			);
		};
/* End PBXProject section */

/* Begin PBXResourcesBuildPhase section */
		D38A240B14E4C3FE00F6AFFE /* Resources */ = {
			isa = PBXResourcesBuildPhase;
			buildActionMask = 2147483647;
			files = (
				D49FB8E11F9C1EDC00ECE338 /* ManOpen.xib in Resources */,
				D49FB8E41F9C1EDC00ECE338 /* helpQMark.tiff in Resources */,
				D49FB8DD1F9C1EDC00ECE338 /* Apropos.xib in Resources */,
				D49FB8E01F9C1EDC00ECE338 /* InfoPlist.strings in Resources */,
				D49FB8E31F9C1EDC00ECE338 /* PrefPanel.xib in Resources */,
				D49FB8E21F9C1EDC00ECE338 /* ManPage.xib in Resources */,
				D49FB8E91F9C1EDC00ECE338 /* ManOpen.icns in Resources */,
				D49FB8EC1F9C1EDC00ECE338 /* ManOpen.tiff in Resources */,
				D49FB8E61F9C1EDC00ECE338 /* LinkCursor.tiff in Resources */,
				D45E00681FC29F05006B1797 /* LICENSE in Resources */,
				D49FB8EA1F9C1EDC00ECE338 /* ManOpen.scriptSuite in Resources */,
				D49FB8DE1F9C1EDC00ECE338 /* Credits.rtf in Resources */,
				D484D5A02026C61D0093B313 /* .travis.yml in Resources */,
				D45E006A1FC66294006B1797 /* TODO.md in Resources */,
				D49FB8DF1F9C1EDC00ECE338 /* DocController.xib in Resources */,
				D45E00651FC24510006B1797 /* README.md in Resources */,
				D45E00701FC78EF9006B1797 /* Documentation in Resources */,
				D49FB8EB1F9C1EDC00ECE338 /* ManOpen.scriptTerminology in Resources */,
			);
			runOnlyForDeploymentPostprocessing = 0;
		};
		D420E6A520338A6D00178C47 /* Resources */ = {
			isa = PBXResourcesBuildPhase;
			buildActionMask = 2147483647;
			files = (
			);
			runOnlyForDeploymentPostprocessing = 0;
		};
		D47212381FB58542005FA157 /* Resources */ = {
			isa = PBXResourcesBuildPhase;
			buildActionMask = 2147483647;
			files = (
			);
			runOnlyForDeploymentPostprocessing = 0;
		};
/* End PBXResourcesBuildPhase section */

/* Begin PBXSourcesBuildPhase section */
		D38A241A14E4C3FE00F6AFFE /* Sources */ = {
			isa = PBXSourcesBuildPhase;
			buildActionMask = 2147483647;
			files = (
				D484D59A2025E09A0093B313 /* XManPageURLComponents.m in Sources */,
				D4D1246C1FF20C8E00314FBD /* NSDictionary+ManOpen.m in Sources */,
				D49FB8E71F9C1EDC00ECE338 /* ManDocument.m in Sources */,
				D49FB8EF1F9C1EDC00ECE338 /* PrefPanelController.m in Sources */,
				D49FB8E81F9C1EDC00ECE338 /* ManDocumentController.m in Sources */,
				D49FB8EE1F9C1EDC00ECE338 /* NSData+Utils.m in Sources */,
				D49FB8DC1F9C1EDC00ECE338 /* AproposDocument.m in Sources */,
				D49FB8ED1F9C1EDC00ECE338 /* ManOpen_main.m in Sources */,
				D48A1252202FB8CE00EC13E5 /* NSUserDefaults+ManOpen.m in Sources */,
				D4891E5F1FAD7DE40035E3A5 /* ManOpenURLHandlerCommand.m in Sources */,
				D44FE8B420143CDA00F532A4 /* ManPage.m in Sources */,
				D48A125920300CA300EC13E5 /* NSString+ManOpen.m in Sources */,
				D484D5A32026ECEC0093B313 /* ManOpenURLComponents.m in Sources */,
				D4D124671FF0702F00314FBD /* NSURL+ManOpen.m in Sources */,
				D44FE8AA200C74A600F532A4 /* FileURLComponents.m in Sources */,
			);
			runOnlyForDeploymentPostprocessing = 0;
		};
		D38A243114E4C3FE00F6AFFE /* Sources */ = {
			isa = PBXSourcesBuildPhase;
			buildActionMask = 2147483647;
			files = (
				D46C90011F9C1319008EB62F /* cat2rtf.l in Sources */,
			);
			runOnlyForDeploymentPostprocessing = 0;
		};
		D38A243C14E4C3FE00F6AFFE /* Sources */ = {
			isa = PBXSourcesBuildPhase;
			buildActionMask = 2147483647;
			files = (
				D46C8FFE1F9C1277008EB62F /* cat2html.l in Sources */,
			);
			runOnlyForDeploymentPostprocessing = 0;
		};
		D38A244814E4C3FE00F6AFFE /* Sources */ = {
			isa = PBXSourcesBuildPhase;
			buildActionMask = 2147483647;
			files = (
				D4109DD120340EC20096F5AD /* Application.m in Sources */,
				D46C8FF91F9C1136008EB62F /* openman.m in Sources */,
				D4109DD82034C4FF0096F5AD /* LaunchServices.m in Sources */,
				D4109DE12035324B0096F5AD /* NSDictionary+ManOpen.m in Sources */,
				D4109DE3203532640096F5AD /* ManPage.m in Sources */,
				D4109DDF203532410096F5AD /* ManOpenURLComponents.m in Sources */,
				D420E68B203384A400178C47 /* Version.m in Sources */,
			);
			runOnlyForDeploymentPostprocessing = 0;
		};
		D420E6A320338A6D00178C47 /* Sources */ = {
			isa = PBXSourcesBuildPhase;
			buildActionMask = 2147483647;
			files = (
				D4109DE22035324B0096F5AD /* NSDictionary+ManOpen.m in Sources */,
				D4109DE0203532420096F5AD /* ManOpenURLComponents.m in Sources */,
				D4109DDB2034F1B60096F5AD /* LaunchServicesTests.m in Sources */,
				D4109DD520340FAF0096F5AD /* ApplicationTests.m in Sources */,
				D4109DDE203500380096F5AD /* LaunchServicesFake.m in Sources */,
				D4109DD220340EC20096F5AD /* Application.m in Sources */,
				D420E6B020338AD100178C47 /* VersionTests.m in Sources */,
				D4109DE4203532650096F5AD /* ManPage.m in Sources */,
				D420E6B120338AD900178C47 /* Version.m in Sources */,
				D4109DD92034C4FF0096F5AD /* LaunchServices.m in Sources */,
			);
			runOnlyForDeploymentPostprocessing = 0;
		};
		D47212361FB58542005FA157 /* Sources */ = {
			isa = PBXSourcesBuildPhase;
			buildActionMask = 2147483647;
			files = (
				D484D5A52026F0A50093B313 /* ManOpenURLComponentsTests.m in Sources */,
				D48A12562030007900EC13E5 /* ManDocumentControllerTests.m in Sources */,
				D4D124691FF0704F00314FBD /* NSURL+ManOpenTests.m in Sources */,
				D44FE8AC200C77BE00F532A4 /* FileURLComponentsTests.m in Sources */,
				D4D1246E1FF20CD700314FBD /* NSDictionary+ManOpenTests.m in Sources */,
				D484D59C2025E3EB0093B313 /* XManPageURLComponentsTests.m in Sources */,
				D420E6822032301600178C47 /* ManOpenURLHandlerCommandTests.m in Sources */,
				D48A125B20300CC300EC13E5 /* NSString+ManOpenTests.m in Sources */,
				D47212481FB7DCD8005FA157 /* MockManDocumentController.m in Sources */,
				D48A1254202FBA5100EC13E5 /* NSUserDefaults+ManOpenPreferencesTests.m in Sources */,
				D44FE8B620143FAF00F532A4 /* ManPageTests.m in Sources */,
			);
			runOnlyForDeploymentPostprocessing = 0;
		};
/* End PBXSourcesBuildPhase section */

/* Begin PBXTargetDependency section */
		D38A245814E4C3FE00F6AFFE /* PBXTargetDependency */ = {
			isa = PBXTargetDependency;
			target = D38A242F14E4C3FE00F6AFFE /* cat2rtf */;
			targetProxy = D38A245714E4C3FE00F6AFFE /* PBXContainerItemProxy */;
		};
		D38A245A14E4C3FE00F6AFFE /* PBXTargetDependency */ = {
			isa = PBXTargetDependency;
			target = D38A243A14E4C3FE00F6AFFE /* cat2html */;
			targetProxy = D38A245914E4C3FE00F6AFFE /* PBXContainerItemProxy */;
		};
		D45E00631FB82370006B1797 /* PBXTargetDependency */ = {
			isa = PBXTargetDependency;
			target = D38A244614E4C3FE00F6AFFE /* openman */;
			targetProxy = D45E00621FB82370006B1797 /* PBXContainerItemProxy */;
		};
		D47212401FB58542005FA157 /* PBXTargetDependency */ = {
			isa = PBXTargetDependency;
			target = D38A23FD14E4C3FE00F6AFFE /* ManOpen */;
			targetProxy = D472123F1FB58542005FA157 /* PBXContainerItemProxy */;
		};
/* End PBXTargetDependency section */

/* Begin PBXVariantGroup section */
		D49FB8BC1F9C1EDC00ECE338 /* Apropos.xib */ = {
			isa = PBXVariantGroup;
			children = (
				D49FB8BD1F9C1EDC00ECE338 /* English */,
			);
			name = Apropos.xib;
			sourceTree = "<group>";
		};
		D49FB8BE1F9C1EDC00ECE338 /* Credits.rtf */ = {
			isa = PBXVariantGroup;
			children = (
				D49FB8BF1F9C1EDC00ECE338 /* English */,
			);
			name = Credits.rtf;
			sourceTree = "<group>";
		};
		D49FB8C01F9C1EDC00ECE338 /* DocController.xib */ = {
			isa = PBXVariantGroup;
			children = (
				D49FB8C11F9C1EDC00ECE338 /* English */,
			);
			name = DocController.xib;
			sourceTree = "<group>";
		};
		D49FB8C21F9C1EDC00ECE338 /* InfoPlist.strings */ = {
			isa = PBXVariantGroup;
			children = (
				D49FB8C31F9C1EDC00ECE338 /* English */,
			);
			name = InfoPlist.strings;
			sourceTree = "<group>";
		};
		D49FB8C41F9C1EDC00ECE338 /* ManOpen.xib */ = {
			isa = PBXVariantGroup;
			children = (
				D49FB8C51F9C1EDC00ECE338 /* English */,
			);
			name = ManOpen.xib;
			sourceTree = "<group>";
		};
		D49FB8C61F9C1EDC00ECE338 /* ManPage.xib */ = {
			isa = PBXVariantGroup;
			children = (
				D49FB8C71F9C1EDC00ECE338 /* English */,
			);
			name = ManPage.xib;
			sourceTree = "<group>";
		};
		D49FB8C81F9C1EDC00ECE338 /* PrefPanel.xib */ = {
			isa = PBXVariantGroup;
			children = (
				D49FB8C91F9C1EDC00ECE338 /* English */,
			);
			name = PrefPanel.xib;
			sourceTree = "<group>";
		};
/* End PBXVariantGroup section */

/* Begin XCBuildConfiguration section */
		D38A23AA14E38E1E00F6AFFE /* Development */ = {
			isa = XCBuildConfiguration;
			buildSettings = {
				CLANG_ANALYZER_LOCALIZABILITY_NONLOCALIZED = YES;
				CLANG_ANALYZER_NONNULL = YES;
				CLANG_ANALYZER_NUMBER_OBJECT_CONVERSION = YES_AGGRESSIVE;
				CLANG_WARN_BLOCK_CAPTURE_AUTORELEASING = YES;
				CLANG_WARN_BOOL_CONVERSION = YES;
				CLANG_WARN_COMMA = YES;
				CLANG_WARN_CONSTANT_CONVERSION = YES;
				CLANG_WARN_DIRECT_OBJC_ISA_USAGE = YES_ERROR;
				CLANG_WARN_EMPTY_BODY = YES;
				CLANG_WARN_ENUM_CONVERSION = YES;
				CLANG_WARN_INFINITE_RECURSION = YES;
				CLANG_WARN_INT_CONVERSION = YES;
				CLANG_WARN_NON_LITERAL_NULL_CONVERSION = YES;
				CLANG_WARN_OBJC_LITERAL_CONVERSION = YES;
				CLANG_WARN_OBJC_ROOT_CLASS = YES_ERROR;
				CLANG_WARN_RANGE_LOOP_ANALYSIS = YES;
				CLANG_WARN_STRICT_PROTOTYPES = YES;
				CLANG_WARN_SUSPICIOUS_MOVE = YES;
				CLANG_WARN_UNGUARDED_AVAILABILITY = YES;
				CLANG_WARN_UNREACHABLE_CODE = YES;
				CLANG_WARN__DUPLICATE_METHOD_MATCH = YES;
				COMBINE_HIDPI_IMAGES = YES;
				COPY_PHASE_STRIP = NO;
				DEBUG_INFORMATION_FORMAT = dwarf;
				ENABLE_STRICT_OBJC_MSGSEND = YES;
				ENABLE_TESTABILITY = YES;
				GCC_NO_COMMON_BLOCKS = YES;
				GCC_OPTIMIZATION_LEVEL = 0;
				GCC_WARN_64_TO_32_BIT_CONVERSION = YES;
				GCC_WARN_ABOUT_RETURN_TYPE = YES_ERROR;
				GCC_WARN_UNDECLARED_SELECTOR = YES;
				GCC_WARN_UNINITIALIZED_AUTOS = YES_AGGRESSIVE;
				GCC_WARN_UNUSED_FUNCTION = YES;
				GCC_WARN_UNUSED_VARIABLE = YES;
				MACOSX_DEPLOYMENT_TARGET = 10.6;
				ONLY_ACTIVE_ARCH = YES;
				SDKROOT = macosx;
			};
			name = Development;
		};
		D38A23AB14E38E1E00F6AFFE /* Deployment */ = {
			isa = XCBuildConfiguration;
			buildSettings = {
				CLANG_ANALYZER_LOCALIZABILITY_NONLOCALIZED = YES;
				CLANG_ANALYZER_NONNULL = YES;
				CLANG_ANALYZER_NUMBER_OBJECT_CONVERSION = YES_AGGRESSIVE;
				CLANG_WARN_BLOCK_CAPTURE_AUTORELEASING = YES;
				CLANG_WARN_BOOL_CONVERSION = YES;
				CLANG_WARN_COMMA = YES;
				CLANG_WARN_CONSTANT_CONVERSION = YES;
				CLANG_WARN_DIRECT_OBJC_ISA_USAGE = YES_ERROR;
				CLANG_WARN_EMPTY_BODY = YES;
				CLANG_WARN_ENUM_CONVERSION = YES;
				CLANG_WARN_INFINITE_RECURSION = YES;
				CLANG_WARN_INT_CONVERSION = YES;
				CLANG_WARN_NON_LITERAL_NULL_CONVERSION = YES;
				CLANG_WARN_OBJC_LITERAL_CONVERSION = YES;
				CLANG_WARN_OBJC_ROOT_CLASS = YES_ERROR;
				CLANG_WARN_RANGE_LOOP_ANALYSIS = YES;
				CLANG_WARN_STRICT_PROTOTYPES = YES;
				CLANG_WARN_SUSPICIOUS_MOVE = YES;
				CLANG_WARN_UNGUARDED_AVAILABILITY = YES;
				CLANG_WARN_UNREACHABLE_CODE = YES;
				CLANG_WARN__DUPLICATE_METHOD_MATCH = YES;
				COMBINE_HIDPI_IMAGES = YES;
				DEBUG_INFORMATION_FORMAT = "dwarf-with-dsym";
				ENABLE_STRICT_OBJC_MSGSEND = YES;
				GCC_NO_COMMON_BLOCKS = YES;
				GCC_WARN_64_TO_32_BIT_CONVERSION = YES;
				GCC_WARN_ABOUT_RETURN_TYPE = YES_ERROR;
				GCC_WARN_UNDECLARED_SELECTOR = YES;
				GCC_WARN_UNINITIALIZED_AUTOS = YES_AGGRESSIVE;
				GCC_WARN_UNUSED_FUNCTION = YES;
				GCC_WARN_UNUSED_VARIABLE = YES;
				MACOSX_DEPLOYMENT_TARGET = 10.6;
				SDKROOT = macosx;
			};
			name = Deployment;
		};
		D38A242A14E4C3FE00F6AFFE /* Development */ = {
			isa = XCBuildConfiguration;
			buildSettings = {
				CODE_SIGN_IDENTITY = "";
				CODE_SIGN_STYLE = Automatic;
				DEVELOPMENT_TEAM = K39VF43BJL;
				INFOPLIST_FILE = "ManOpen/Info-ManOpen.plist";
				INSTALL_PATH = "$(HOME)/Apps";
				PRODUCT_BUNDLE_IDENTIFIER = cc.donm.ManOpen;
				PRODUCT_NAME = ManOpen;
				PROVISIONING_PROFILE_SPECIFIER = "";
				WRAPPER_EXTENSION = app;
			};
			name = Development;
		};
		D38A242B14E4C3FE00F6AFFE /* Deployment */ = {
			isa = XCBuildConfiguration;
			buildSettings = {
				CODE_SIGN_IDENTITY = "Mac Developer";
				CODE_SIGN_STYLE = Automatic;
				DEVELOPMENT_TEAM = K39VF43BJL;
				INFOPLIST_FILE = "ManOpen/Info-ManOpen.plist";
				INSTALL_PATH = "$(HOME)/Apps";
				PRODUCT_BUNDLE_IDENTIFIER = cc.donm.ManOpen;
				PRODUCT_NAME = ManOpen;
				PROVISIONING_PROFILE_SPECIFIER = "";
				WRAPPER_EXTENSION = app;
			};
			name = Deployment;
		};
		D38A243614E4C3FE00F6AFFE /* Development */ = {
			isa = XCBuildConfiguration;
			buildSettings = {
				PRODUCT_NAME = cat2rtf;
			};
			name = Development;
		};
		D38A243714E4C3FE00F6AFFE /* Deployment */ = {
			isa = XCBuildConfiguration;
			buildSettings = {
				PRODUCT_NAME = cat2rtf;
			};
			name = Deployment;
		};
		D38A244214E4C3FE00F6AFFE /* Development */ = {
			isa = XCBuildConfiguration;
			buildSettings = {
				PRODUCT_NAME = cat2html;
			};
			name = Development;
		};
		D38A244314E4C3FE00F6AFFE /* Deployment */ = {
			isa = XCBuildConfiguration;
			buildSettings = {
				PRODUCT_NAME = cat2html;
			};
			name = Deployment;
		};
		D38A244F14E4C3FE00F6AFFE /* Development */ = {
			isa = XCBuildConfiguration;
			buildSettings = {
				PRODUCT_NAME = openman;
			};
			name = Development;
		};
		D38A245014E4C3FE00F6AFFE /* Deployment */ = {
			isa = XCBuildConfiguration;
			buildSettings = {
				PRODUCT_NAME = openman;
			};
			name = Deployment;
		};
		D420E6AC20338A6D00178C47 /* Development */ = {
			isa = XCBuildConfiguration;
			buildSettings = {
				CODE_SIGN_IDENTITY = "-";
				CODE_SIGN_STYLE = Automatic;
				COPY_PHASE_STRIP = NO;
				INFOPLIST_FILE = "openman/openmanTests-Info.plist";
				LD_RUNPATH_SEARCH_PATHS = "$(inherited) @executable_path/../Frameworks @loader_path/../Frameworks";
				PRODUCT_BUNDLE_IDENTIFIER = cc.donm.openmanTests;
				PRODUCT_NAME = "$(TARGET_NAME)";
			};
			name = Development;
		};
		D420E6AD20338A6D00178C47 /* Deployment */ = {
			isa = XCBuildConfiguration;
			buildSettings = {
				CODE_SIGN_IDENTITY = "-";
				CODE_SIGN_STYLE = Automatic;
				COPY_PHASE_STRIP = NO;
				INFOPLIST_FILE = "openman/openmanTests-Info.plist";
				LD_RUNPATH_SEARCH_PATHS = "$(inherited) @executable_path/../Frameworks @loader_path/../Frameworks";
				PRODUCT_BUNDLE_IDENTIFIER = cc.donm.openmanTests;
				PRODUCT_NAME = "$(TARGET_NAME)";
			};
			name = Deployment;
		};
		D47212411FB58542005FA157 /* Development */ = {
			isa = XCBuildConfiguration;
			buildSettings = {
				BUNDLE_LOADER = "$(TEST_HOST)";
				CODE_SIGN_IDENTITY = "-";
				CODE_SIGN_STYLE = Automatic;
				COPY_PHASE_STRIP = NO;
				INFOPLIST_FILE = ManOpenTests/Info.plist;
				LD_RUNPATH_SEARCH_PATHS = "$(inherited) @executable_path/../Frameworks @loader_path/../Frameworks";
				PRODUCT_BUNDLE_IDENTIFIER = cc.donm.ManOpenTests;
				PRODUCT_NAME = "$(TARGET_NAME)";
				TEST_HOST = "$(BUILT_PRODUCTS_DIR)/ManOpen.app/Contents/MacOS/ManOpen";
			};
			name = Development;
		};
		D47212421FB58542005FA157 /* Deployment */ = {
			isa = XCBuildConfiguration;
			buildSettings = {
				BUNDLE_LOADER = "$(TEST_HOST)";
				CODE_SIGN_IDENTITY = "-";
				CODE_SIGN_STYLE = Automatic;
				COPY_PHASE_STRIP = NO;
				INFOPLIST_FILE = ManOpenTests/Info.plist;
				LD_RUNPATH_SEARCH_PATHS = "$(inherited) @executable_path/../Frameworks @loader_path/../Frameworks";
				PRODUCT_BUNDLE_IDENTIFIER = cc.donm.ManOpenTests;
				PRODUCT_NAME = "$(TARGET_NAME)";
				TEST_HOST = "$(BUILT_PRODUCTS_DIR)/ManOpen.app/Contents/MacOS/ManOpen";
			};
			name = Deployment;
		};
/* End XCBuildConfiguration section */

/* Begin XCConfigurationList section */
		D38A23BC14E38E1E00F6AFFE /* Build configuration list for PBXProject "ManOpen" */ = {
			isa = XCConfigurationList;
			buildConfigurations = (
				D38A23AA14E38E1E00F6AFFE /* Development */,
				D38A23AB14E38E1E00F6AFFE /* Deployment */,
			);
			defaultConfigurationIsVisible = 0;
			defaultConfigurationName = Development;
		};
		D38A242914E4C3FE00F6AFFE /* Build configuration list for PBXNativeTarget "ManOpen" */ = {
			isa = XCConfigurationList;
			buildConfigurations = (
				D38A242A14E4C3FE00F6AFFE /* Development */,
				D38A242B14E4C3FE00F6AFFE /* Deployment */,
			);
			defaultConfigurationIsVisible = 0;
			defaultConfigurationName = Development;
		};
		D38A243514E4C3FE00F6AFFE /* Build configuration list for PBXNativeTarget "cat2rtf" */ = {
			isa = XCConfigurationList;
			buildConfigurations = (
				D38A243614E4C3FE00F6AFFE /* Development */,
				D38A243714E4C3FE00F6AFFE /* Deployment */,
			);
			defaultConfigurationIsVisible = 0;
			defaultConfigurationName = Development;
		};
		D38A244114E4C3FE00F6AFFE /* Build configuration list for PBXNativeTarget "cat2html" */ = {
			isa = XCConfigurationList;
			buildConfigurations = (
				D38A244214E4C3FE00F6AFFE /* Development */,
				D38A244314E4C3FE00F6AFFE /* Deployment */,
			);
			defaultConfigurationIsVisible = 0;
			defaultConfigurationName = Development;
		};
		D38A244E14E4C3FE00F6AFFE /* Build configuration list for PBXNativeTarget "openman" */ = {
			isa = XCConfigurationList;
			buildConfigurations = (
				D38A244F14E4C3FE00F6AFFE /* Development */,
				D38A245014E4C3FE00F6AFFE /* Deployment */,
			);
			defaultConfigurationIsVisible = 0;
			defaultConfigurationName = Development;
		};
		D420E6AE20338A6D00178C47 /* Build configuration list for PBXNativeTarget "openmanTests" */ = {
			isa = XCConfigurationList;
			buildConfigurations = (
				D420E6AC20338A6D00178C47 /* Development */,
				D420E6AD20338A6D00178C47 /* Deployment */,
			);
			defaultConfigurationIsVisible = 0;
			defaultConfigurationName = Development;
		};
		D47212431FB58542005FA157 /* Build configuration list for PBXNativeTarget "ManOpenTests" */ = {
			isa = XCConfigurationList;
			buildConfigurations = (
				D47212411FB58542005FA157 /* Development */,
				D47212421FB58542005FA157 /* Deployment */,
			);
			defaultConfigurationIsVisible = 0;
			defaultConfigurationName = Development;
		};
/* End XCConfigurationList section */
	};
	rootObject = D39279890821FFA400376676 /* Project object */;
}
